
Microsoft Visual Studio Solution File, Format Version 12.00
# Visual Studio Version 16
VisualStudioVersion = 16.0.32929.386
MinimumVisualStudioVersion = 10.0.40219.1
Project("{FAE04EC0-301F-11D3-BF4B-00C04F79EFBC}") = "Sorter", "Sorter\Sorter.csproj", "{79EE0660-0784-4DD6-86C3-1B9C04D864AD}"
EndProject
Global
	GlobalSection(SolutionConfigurationPlatforms) = preSolution
		Debug|Any CPU = Debug|Any CPU
		Release|Any CPU = Release|Any CPU
	EndGlobalSection
	GlobalSection(ProjectConfigurationPlatforms) = postSolution
		{79EE0660-0784-4DD6-86C3-1B9C04D864AD}.Debug|Any CPU.ActiveCfg = Debug|Any CPU
		{79EE0660-0784-4DD6-86C3-1B9C04D864AD}.Debug|Any CPU.Build.0 = Debug|Any CPU
		{79EE0660-0784-4DD6-86C3-1B9C04D864AD}.Release|Any CPU.ActiveCfg = Release|Any CPU
		{79EE0660-0784-4DD6-86C3-1B9C04D864AD}.Release|Any CPU.Build.0 = Release|Any CPU
	EndGlobalSection
	GlobalSection(SolutionProperties) = preSolution
		HideSolutionNode = FALSE
	EndGlobalSection
	GlobalSection(ExtensibilityGlobals) = postSolution
		SolutionGuid = {5CA00E1C-90F7-4972-8EC4-0A97A0C6016D}
	EndGlobalSection
EndGlobal
